// !$*UTF8*$!
{
	archiveVersion = 1;
	classes = {
	};
	objectVersion = 50;
	objects = {

/* Begin PBXBuildFile section */
		C32A0680220735A4003E6BEA /* AppDelegate.swift in Sources */ = {isa = PBXBuildFile; fileRef = C32A067F220735A4003E6BEA /* AppDelegate.swift */; };
		C32A0682220735A4003E6BEA /* ViewController.swift in Sources */ = {isa = PBXBuildFile; fileRef = C32A0681220735A4003E6BEA /* ViewController.swift */; };
		C32A0685220735A4003E6BEA /* Main.storyboard in Resources */ = {isa = PBXBuildFile; fileRef = C32A0683220735A4003E6BEA /* Main.storyboard */; };
		C32A0687220735A6003E6BEA /* Assets.xcassets in Resources */ = {isa = PBXBuildFile; fileRef = C32A0686220735A6003E6BEA /* Assets.xcassets */; };
		C32A068A220735A6003E6BEA /* LaunchScreen.storyboard in Resources */ = {isa = PBXBuildFile; fileRef = C32A0688220735A6003E6BEA /* LaunchScreen.storyboard */; };
		C32A069522073678003E6BEA /* Extension.swift in Sources */ = {isa = PBXBuildFile; fileRef = C32A069422073678003E6BEA /* Extension.swift */; };
		C32A0697220736A0003E6BEA /* GFObject.swift in Sources */ = {isa = PBXBuildFile; fileRef = C32A0696220736A0003E6BEA /* GFObject.swift */; };
		C32A0699220736BE003E6BEA /* GFUser.swift in Sources */ = {isa = PBXBuildFile; fileRef = C32A0698220736BE003E6BEA /* GFUser.swift */; };
		C32A069B220736EC003E6BEA /* WebApi.swift in Sources */ = {isa = PBXBuildFile; fileRef = C32A069A220736EC003E6BEA /* WebApi.swift */; };
		C32A069E2207371D003E6BEA /* SelectRequest.swift in Sources */ = {isa = PBXBuildFile; fileRef = C32A069D2207371D003E6BEA /* SelectRequest.swift */; };
		C32A06A022073755003E6BEA /* GFEvent.swift in Sources */ = {isa = PBXBuildFile; fileRef = C32A069F22073755003E6BEA /* GFEvent.swift */; };
		C32A06A222073776003E6BEA /* GFParticipant.swift in Sources */ = {isa = PBXBuildFile; fileRef = C32A06A122073776003E6BEA /* GFParticipant.swift */; };
		C32A06A4220737BF003E6BEA /* GFLocation.swift in Sources */ = {isa = PBXBuildFile; fileRef = C32A06A3220737BF003E6BEA /* GFLocation.swift */; };
		C32A06A6220737EC003E6BEA /* InsertRequest.swift in Sources */ = {isa = PBXBuildFile; fileRef = C32A06A5220737EC003E6BEA /* InsertRequest.swift */; };
		C32A06A822073805003E6BEA /* UpdateRequest.swift in Sources */ = {isa = PBXBuildFile; fileRef = C32A06A722073805003E6BEA /* UpdateRequest.swift */; };
		C32A06AA2207381C003E6BEA /* DeleteRequest.swift in Sources */ = {isa = PBXBuildFile; fileRef = C32A06A92207381C003E6BEA /* DeleteRequest.swift */; };
/* End PBXBuildFile section */

/* Begin PBXFileReference section */
		C32A067C220735A4003E6BEA /* GrandFam.app */ = {isa = PBXFileReference; explicitFileType = wrapper.application; includeInIndex = 0; path = GrandFam.app; sourceTree = BUILT_PRODUCTS_DIR; };
		C32A067F220735A4003E6BEA /* AppDelegate.swift */ = {isa = PBXFileReference; lastKnownFileType = sourcecode.swift; path = AppDelegate.swift; sourceTree = "<group>"; };
		C32A0681220735A4003E6BEA /* ViewController.swift */ = {isa = PBXFileReference; lastKnownFileType = sourcecode.swift; path = ViewController.swift; sourceTree = "<group>"; };
		C32A0684220735A4003E6BEA /* Base */ = {isa = PBXFileReference; lastKnownFileType = file.storyboard; name = Base; path = Base.lproj/Main.storyboard; sourceTree = "<group>"; };
		C32A0686220735A6003E6BEA /* Assets.xcassets */ = {isa = PBXFileReference; lastKnownFileType = folder.assetcatalog; path = Assets.xcassets; sourceTree = "<group>"; };
		C32A0689220735A6003E6BEA /* Base */ = {isa = PBXFileReference; lastKnownFileType = file.storyboard; name = Base; path = Base.lproj/LaunchScreen.storyboard; sourceTree = "<group>"; };
		C32A068B220735A6003E6BEA /* Info.plist */ = {isa = PBXFileReference; lastKnownFileType = text.plist.xml; path = Info.plist; sourceTree = "<group>"; };
		C32A069422073678003E6BEA /* Extension.swift */ = {isa = PBXFileReference; lastKnownFileType = sourcecode.swift; path = Extension.swift; sourceTree = "<group>"; };
		C32A0696220736A0003E6BEA /* GFObject.swift */ = {isa = PBXFileReference; lastKnownFileType = sourcecode.swift; path = GFObject.swift; sourceTree = "<group>"; };
		C32A0698220736BE003E6BEA /* GFUser.swift */ = {isa = PBXFileReference; lastKnownFileType = sourcecode.swift; path = GFUser.swift; sourceTree = "<group>"; };
		C32A069A220736EC003E6BEA /* WebApi.swift */ = {isa = PBXFileReference; lastKnownFileType = sourcecode.swift; path = WebApi.swift; sourceTree = "<group>"; };
		C32A069D2207371D003E6BEA /* SelectRequest.swift */ = {isa = PBXFileReference; lastKnownFileType = sourcecode.swift; path = SelectRequest.swift; sourceTree = "<group>"; };
		C32A069F22073755003E6BEA /* GFEvent.swift */ = {isa = PBXFileReference; lastKnownFileType = sourcecode.swift; path = GFEvent.swift; sourceTree = "<group>"; };
		C32A06A122073776003E6BEA /* GFParticipant.swift */ = {isa = PBXFileReference; lastKnownFileType = sourcecode.swift; path = GFParticipant.swift; sourceTree = "<group>"; };
		C32A06A3220737BF003E6BEA /* GFLocation.swift */ = {isa = PBXFileReference; lastKnownFileType = sourcecode.swift; path = GFLocation.swift; sourceTree = "<group>"; };
		C32A06A5220737EC003E6BEA /* InsertRequest.swift */ = {isa = PBXFileReference; lastKnownFileType = sourcecode.swift; path = InsertRequest.swift; sourceTree = "<group>"; };
		C32A06A722073805003E6BEA /* UpdateRequest.swift */ = {isa = PBXFileReference; lastKnownFileType = sourcecode.swift; path = UpdateRequest.swift; sourceTree = "<group>"; };
		C32A06A92207381C003E6BEA /* DeleteRequest.swift */ = {isa = PBXFileReference; lastKnownFileType = sourcecode.swift; path = DeleteRequest.swift; sourceTree = "<group>"; };
/* End PBXFileReference section */

/* Begin PBXFrameworksBuildPhase section */
		C32A0679220735A4003E6BEA /* Frameworks */ = {
			isa = PBXFrameworksBuildPhase;
			buildActionMask = 2147483647;
			files = (
			);
			runOnlyForDeploymentPostprocessing = 0;
		};
/* End PBXFrameworksBuildPhase section */

/* Begin PBXGroup section */
		C32A0673220735A4003E6BEA = {
			isa = PBXGroup;
			children = (
				C32A067E220735A4003E6BEA /* GrandFam */,
				C32A067D220735A4003E6BEA /* Products */,
			);
			sourceTree = "<group>";
		};
		C32A067D220735A4003E6BEA /* Products */ = {
			isa = PBXGroup;
			children = (
				C32A067C220735A4003E6BEA /* GrandFam.app */,
			);
			name = Products;
			sourceTree = "<group>";
		};
		C32A067E220735A4003E6BEA /* GrandFam */ = {
			isa = PBXGroup;
			children = (
				C32A06932207361A003E6BEA /* GFDB Model */,
				C32A069222073606003E6BEA /* WebApi */,
				C32A0691220735D0003E6BEA /* Extensions */,
				C32A067F220735A4003E6BEA /* AppDelegate.swift */,
				C32A0681220735A4003E6BEA /* ViewController.swift */,
				C32A0683220735A4003E6BEA /* Main.storyboard */,
				C32A0686220735A6003E6BEA /* Assets.xcassets */,
				C32A0688220735A6003E6BEA /* LaunchScreen.storyboard */,
				C32A068B220735A6003E6BEA /* Info.plist */,
			);
			path = GrandFam;
			sourceTree = "<group>";
		};
		C32A0691220735D0003E6BEA /* Extensions */ = {
			isa = PBXGroup;
			children = (
				C32A069422073678003E6BEA /* Extension.swift */,
			);
			path = Extensions;
			sourceTree = "<group>";
		};
		C32A069222073606003E6BEA /* WebApi */ = {
			isa = PBXGroup;
			children = (
				C32A069A220736EC003E6BEA /* WebApi.swift */,
				C32A069C220736FD003E6BEA /* WebRequests */,
			);
			path = WebApi;
			sourceTree = "<group>";
		};
		C32A06932207361A003E6BEA /* GFDB Model */ = {
			isa = PBXGroup;
			children = (
				C32A0696220736A0003E6BEA /* GFObject.swift */,
				C32A0698220736BE003E6BEA /* GFUser.swift */,
				C32A069F22073755003E6BEA /* GFEvent.swift */,
				C32A06A122073776003E6BEA /* GFParticipant.swift */,
				C32A06A3220737BF003E6BEA /* GFLocation.swift */,
			);
			path = "GFDB Model";
			sourceTree = "<group>";
		};
		C32A069C220736FD003E6BEA /* WebRequests */ = {
			isa = PBXGroup;
			children = (
				C32A069D2207371D003E6BEA /* SelectRequest.swift */,
				C32A06A5220737EC003E6BEA /* InsertRequest.swift */,
				C32A06A722073805003E6BEA /* UpdateRequest.swift */,
				C32A06A92207381C003E6BEA /* DeleteRequest.swift */,
			);
			path = WebRequests;
			sourceTree = "<group>";
		};
/* End PBXGroup section */

/* Begin PBXNativeTarget section */
		C32A067B220735A4003E6BEA /* GrandFam */ = {
			isa = PBXNativeTarget;
			buildConfigurationList = C32A068E220735A6003E6BEA /* Build configuration list for PBXNativeTarget "GrandFam" */;
			buildPhases = (
				C32A0678220735A4003E6BEA /* Sources */,
				C32A0679220735A4003E6BEA /* Frameworks */,
				C32A067A220735A4003E6BEA /* Resources */,
			);
			buildRules = (
			);
			dependencies = (
			);
			name = GrandFam;
			productName = GrandFam;
			productReference = C32A067C220735A4003E6BEA /* GrandFam.app */;
			productType = "com.apple.product-type.application";
		};
/* End PBXNativeTarget section */

/* Begin PBXProject section */
		C32A0674220735A4003E6BEA /* Project object */ = {
			isa = PBXProject;
			attributes = {
				LastSwiftUpdateCheck = 1010;
				LastUpgradeCheck = 1010;
				ORGANIZATIONNAME = "Filip Palmqvist";
				TargetAttributes = {
					C32A067B220735A4003E6BEA = {
						CreatedOnToolsVersion = 10.1;
					};
				};
			};
			buildConfigurationList = C32A0677220735A4003E6BEA /* Build configuration list for PBXProject "GrandFam" */;
			compatibilityVersion = "Xcode 9.3";
			developmentRegion = en;
			hasScannedForEncodings = 0;
			knownRegions = (
				en,
				Base,
			);
			mainGroup = C32A0673220735A4003E6BEA;
			productRefGroup = C32A067D220735A4003E6BEA /* Products */;
			projectDirPath = "";
			projectRoot = "";
			targets = (
				C32A067B220735A4003E6BEA /* GrandFam */,
			);
		};
/* End PBXProject section */

/* Begin PBXResourcesBuildPhase section */
		C32A067A220735A4003E6BEA /* Resources */ = {
			isa = PBXResourcesBuildPhase;
			buildActionMask = 2147483647;
			files = (
				C32A068A220735A6003E6BEA /* LaunchScreen.storyboard in Resources */,
				C32A0687220735A6003E6BEA /* Assets.xcassets in Resources */,
				C32A0685220735A4003E6BEA /* Main.storyboard in Resources */,
			);
			runOnlyForDeploymentPostprocessing = 0;
		};
/* End PBXResourcesBuildPhase section */

/* Begin PBXSourcesBuildPhase section */
		C32A0678220735A4003E6BEA /* Sources */ = {
			isa = PBXSourcesBuildPhase;
			buildActionMask = 2147483647;
			files = (
				C32A0699220736BE003E6BEA /* GFUser.swift in Sources */,
				C32A069522073678003E6BEA /* Extension.swift in Sources */,
				C32A06AA2207381C003E6BEA /* DeleteRequest.swift in Sources */,
				C32A06A6220737EC003E6BEA /* InsertRequest.swift in Sources */,
				C32A069E2207371D003E6BEA /* SelectRequest.swift in Sources */,
				C32A06A4220737BF003E6BEA /* GFLocation.swift in Sources */,
				C32A0697220736A0003E6BEA /* GFObject.swift in Sources */,
				C32A0682220735A4003E6BEA /* ViewController.swift in Sources */,
				C32A0680220735A4003E6BEA /* AppDelegate.swift in Sources */,
				C32A069B220736EC003E6BEA /* WebApi.swift in Sources */,
				C32A06A022073755003E6BEA /* GFEvent.swift in Sources */,
				C32A06A822073805003E6BEA /* UpdateRequest.swift in Sources */,
				C32A06A222073776003E6BEA /* GFParticipant.swift in Sources */,
			);
			runOnlyForDeploymentPostprocessing = 0;
		};
/* End PBXSourcesBuildPhase section */

/* Begin PBXVariantGroup section */
		C32A0683220735A4003E6BEA /* Main.storyboard */ = {
			isa = PBXVariantGroup;
			children = (
				C32A0684220735A4003E6BEA /* Base */,
			);
			name = Main.storyboard;
			sourceTree = "<group>";
		};
		C32A0688220735A6003E6BEA /* LaunchScreen.storyboard */ = {
			isa = PBXVariantGroup;
			children = (
				C32A0689220735A6003E6BEA /* Base */,
			);
			name = LaunchScreen.storyboard;
			sourceTree = "<group>";
		};
/* End PBXVariantGroup section */

/* Begin XCBuildConfiguration section */
		C32A068C220735A6003E6BEA /* Debug */ = {
			isa = XCBuildConfiguration;
			buildSettings = {
				ALWAYS_SEARCH_USER_PATHS = NO;
				CLANG_ANALYZER_NONNULL = YES;
				CLANG_ANALYZER_NUMBER_OBJECT_CONVERSION = YES_AGGRESSIVE;
				CLANG_CXX_LANGUAGE_STANDARD = "gnu++14";
				CLANG_CXX_LIBRARY = "libc++";
				CLANG_ENABLE_MODULES = YES;
				CLANG_ENABLE_OBJC_ARC = YES;
				CLANG_ENABLE_OBJC_WEAK = YES;
				CLANG_WARN_BLOCK_CAPTURE_AUTORELEASING = YES;
				CLANG_WARN_BOOL_CONVERSION = YES;
				CLANG_WARN_COMMA = YES;
				CLANG_WARN_CONSTANT_CONVERSION = YES;
				CLANG_WARN_DEPRECATED_OBJC_IMPLEMENTATIONS = YES;
				CLANG_WARN_DIRECT_OBJC_ISA_USAGE = YES_ERROR;
				CLANG_WARN_DOCUMENTATION_COMMENTS = YES;
				CLANG_WARN_EMPTY_BODY = YES;
				CLANG_WARN_ENUM_CONVERSION = YES;
				CLANG_WARN_INFINITE_RECURSION = YES;
				CLANG_WARN_INT_CONVERSION = YES;
				CLANG_WARN_NON_LITERAL_NULL_CONVERSION = YES;
				CLANG_WARN_OBJC_IMPLICIT_RETAIN_SELF = YES;
				CLANG_WARN_OBJC_LITERAL_CONVERSION = YES;
				CLANG_WARN_OBJC_ROOT_CLASS = YES_ERROR;
				CLANG_WARN_RANGE_LOOP_ANALYSIS = YES;
				CLANG_WARN_STRICT_PROTOTYPES = YES;
				CLANG_WARN_SUSPICIOUS_MOVE = YES;
				CLANG_WARN_UNGUARDED_AVAILABILITY = YES_AGGRESSIVE;
				CLANG_WARN_UNREACHABLE_CODE = YES;
				CLANG_WARN__DUPLICATE_METHOD_MATCH = YES;
				CODE_SIGN_IDENTITY = "iPhone Developer";
				COPY_PHASE_STRIP = NO;
				DEBUG_INFORMATION_FORMAT = dwarf;
				ENABLE_STRICT_OBJC_MSGSEND = YES;
				ENABLE_TESTABILITY = YES;
				GCC_C_LANGUAGE_STANDARD = gnu11;
				GCC_DYNAMIC_NO_PIC = NO;
				GCC_NO_COMMON_BLOCKS = YES;
				GCC_OPTIMIZATION_LEVEL = 0;
				GCC_PREPROCESSOR_DEFINITIONS = (
					"DEBUG=1",
					"$(inherited)",
				);
				GCC_WARN_64_TO_32_BIT_CONVERSION = YES;
				GCC_WARN_ABOUT_RETURN_TYPE = YES_ERROR;
				GCC_WARN_UNDECLARED_SELECTOR = YES;
				GCC_WARN_UNINITIALIZED_AUTOS = YES_AGGRESSIVE;
				GCC_WARN_UNUSED_FUNCTION = YES;
				GCC_WARN_UNUSED_VARIABLE = YES;
				IPHONEOS_DEPLOYMENT_TARGET = 12.1;
				MTL_ENABLE_DEBUG_INFO = INCLUDE_SOURCE;
				MTL_FAST_MATH = YES;
				ONLY_ACTIVE_ARCH = YES;
				SDKROOT = iphoneos;
				SWIFT_ACTIVE_COMPILATION_CONDITIONS = DEBUG;
				SWIFT_OPTIMIZATION_LEVEL = "-Onone";
			};
			name = Debug;
		};
		C32A068D220735A6003E6BEA /* Release */ = {
			isa = XCBuildConfiguration;
			buildSettings = {
				ALWAYS_SEARCH_USER_PATHS = NO;
				CLANG_ANALYZER_NONNULL = YES;
				CLANG_ANALYZER_NUMBER_OBJECT_CONVERSION = YES_AGGRESSIVE;
				CLANG_CXX_LANGUAGE_STANDARD = "gnu++14";
				CLANG_CXX_LIBRARY = "libc++";
				CLANG_ENABLE_MODULES = YES;
				CLANG_ENABLE_OBJC_ARC = YES;
				CLANG_ENABLE_OBJC_WEAK = YES;
				CLANG_WARN_BLOCK_CAPTURE_AUTORELEASING = YES;
				CLANG_WARN_BOOL_CONVERSION = YES;
				CLANG_WARN_COMMA = YES;
				CLANG_WARN_CONSTANT_CONVERSION = YES;
				CLANG_WARN_DEPRECATED_OBJC_IMPLEMENTATIONS = YES;
				CLANG_WARN_DIRECT_OBJC_ISA_USAGE = YES_ERROR;
				CLANG_WARN_DOCUMENTATION_COMMENTS = YES;
				CLANG_WARN_EMPTY_BODY = YES;
				CLANG_WARN_ENUM_CONVERSION = YES;
				CLANG_WARN_INFINITE_RECURSION = YES;
				CLANG_WARN_INT_CONVERSION = YES;
				CLANG_WARN_NON_LITERAL_NULL_CONVERSION = YES;
				CLANG_WARN_OBJC_IMPLICIT_RETAIN_SELF = YES;
				CLANG_WARN_OBJC_LITERAL_CONVERSION = YES;
				CLANG_WARN_OBJC_ROOT_CLASS = YES_ERROR;
				CLANG_WARN_RANGE_LOOP_ANALYSIS = YES;
				CLANG_WARN_STRICT_PROTOTYPES = YES;
				CLANG_WARN_SUSPICIOUS_MOVE = YES;
				CLANG_WARN_UNGUARDED_AVAILABILITY = YES_AGGRESSIVE;
				CLANG_WARN_UNREACHABLE_CODE = YES;
				CLANG_WARN__DUPLICATE_METHOD_MATCH = YES;
				CODE_SIGN_IDENTITY = "iPhone Developer";
				COPY_PHASE_STRIP = NO;
				DEBUG_INFORMATION_FORMAT = "dwarf-with-dsym";
				ENABLE_NS_ASSERTIONS = NO;
				ENABLE_STRICT_OBJC_MSGSEND = YES;
				GCC_C_LANGUAGE_STANDARD = gnu11;
				GCC_NO_COMMON_BLOCKS = YES;
				GCC_WARN_64_TO_32_BIT_CONVERSION = YES;
				GCC_WARN_ABOUT_RETURN_TYPE = YES_ERROR;
				GCC_WARN_UNDECLARED_SELECTOR = YES;
				GCC_WARN_UNINITIALIZED_AUTOS = YES_AGGRESSIVE;
				GCC_WARN_UNUSED_FUNCTION = YES;
				GCC_WARN_UNUSED_VARIABLE = YES;
				IPHONEOS_DEPLOYMENT_TARGET = 12.1;
				MTL_ENABLE_DEBUG_INFO = NO;
				MTL_FAST_MATH = YES;
				SDKROOT = iphoneos;
				SWIFT_COMPILATION_MODE = wholemodule;
				SWIFT_OPTIMIZATION_LEVEL = "-O";
				VALIDATE_PRODUCT = YES;
			};
			name = Release;
		};
		C32A068F220735A6003E6BEA /* Debug */ = {
			isa = XCBuildConfiguration;
			buildSettings = {
				ASSETCATALOG_COMPILER_APPICON_NAME = AppIcon;
				CODE_SIGN_STYLE = Automatic;
				DEVELOPMENT_TEAM = 6385942QWA;
				INFOPLIST_FILE = GrandFam/Info.plist;
				LD_RUNPATH_SEARCH_PATHS = (
					"$(inherited)",
					"@executable_path/Frameworks",
				);
				PRODUCT_BUNDLE_IDENTIFIER = com.ansigroup.GrandFam;
				PRODUCT_NAME = "$(TARGET_NAME)";
				SWIFT_VERSION = 4.2;
				TARGETED_DEVICE_FAMILY = "1,2";
			};
			name = Debug;
		};
		C32A0690220735A6003E6BEA /* Release */ = {
			isa = XCBuildConfiguration;
			buildSettings = {
				ASSETCATALOG_COMPILER_APPICON_NAME = AppIcon;
				CODE_SIGN_STYLE = Automatic;
				DEVELOPMENT_TEAM = 6385942QWA;
				INFOPLIST_FILE = GrandFam/Info.plist;
				LD_RUNPATH_SEARCH_PATHS = (
					"$(inherited)",
					"@executable_path/Frameworks",
				);
				PRODUCT_BUNDLE_IDENTIFIER = com.ansigroup.GrandFam;
				PRODUCT_NAME = "$(TARGET_NAME)";
				SWIFT_VERSION = 4.2;
				TARGETED_DEVICE_FAMILY = "1,2";
			};
			name = Release;
		};
/* End XCBuildConfiguration section */

/* Begin XCConfigurationList section */
		C32A0677220735A4003E6BEA /* Build configuration list for PBXProject "GrandFam" */ = {
			isa = XCConfigurationList;
			buildConfigurations = (
				C32A068C220735A6003E6BEA /* Debug */,
				C32A068D220735A6003E6BEA /* Release */,
			);
			defaultConfigurationIsVisible = 0;
			defaultConfigurationName = Release;
		};
		C32A068E220735A6003E6BEA /* Build configuration list for PBXNativeTarget "GrandFam" */ = {
			isa = XCConfigurationList;
			buildConfigurations = (
				C32A068F220735A6003E6BEA /* Debug */,
				C32A0690220735A6003E6BEA /* Release */,
			);
			defaultConfigurationIsVisible = 0;
			defaultConfigurationName = Release;
		};
/* End XCConfigurationList section */
	};
	rootObject = C32A0674220735A4003E6BEA /* Project object */;
}
